
Microsoft Visual Studio Solution File, Format Version 12.00
# Visual Studio Version 16
VisualStudioVersion = 16.0.30320.27
MinimumVisualStudioVersion = 10.0.40219.1
Project("{9A19103F-16F7-4668-BE54-9A1E7A4F7556}") = "Live.Coding.Caqui.Model", "Live.Coding.Caqui.Model\Live.Coding.Caqui.Model.csproj", "{31EE2264-5C6D-443E-8BF8-CDBCD2142966}"
EndProject
Project("{9A19103F-16F7-4668-BE54-9A1E7A4F7556}") = "Live.Coding.Caqui.Consumption", "Live.Coding.Caqui.Consumption\Live.Coding.Caqui.Consumption.csproj", "{137E9470-A68B-4348-BBE9-E3790CB108E5}"
EndProject
Project("{FAE04EC0-301F-11D3-BF4B-00C04F79EFBC}") = "Employer.LiveCoding2020.Android", "Employer.LiveCoding2020\Employer.LiveCoding2020.Android\Employer.LiveCoding2020.Android.csproj", "{7F4CC9A7-AA6A-4C70-83EE-E1630D47AFDE}"
EndProject
Project("{9A19103F-16F7-4668-BE54-9A1E7A4F7556}") = "Employer.LiveCoding2020", "Employer.LiveCoding2020\Employer.LiveCoding2020\Employer.LiveCoding2020.csproj", "{58E3448B-85A1-4735-A904-BC30914A57DA}"
EndProject
Project("{9A19103F-16F7-4668-BE54-9A1E7A4F7556}") = "Live.Caqui.WebApi", "Live.Caqui.WebApi\Live.Caqui.WebApi.csproj", "{D94BE3AC-8E49-436B-9ECD-DA1C308D670E}"
EndProject
Project("{2150E333-8FDC-42A3-9474-1A3956D46DE8}") = "Kube", "Kube", "{FF18C76A-C9BD-4B60-9099-76205D9F966E}"
	ProjectSection(SolutionItems) = preProject
		deployment.txt = deployment.txt
		ingress.txt = ingress.txt
		service.txt = service.txt
	EndProjectSection
EndProject
Global
	GlobalSection(SolutionConfigurationPlatforms) = preSolution
		Debug|Any CPU = Debug|Any CPU
		Release|Any CPU = Release|Any CPU
	EndGlobalSection
	GlobalSection(ProjectConfigurationPlatforms) = postSolution
		{31EE2264-5C6D-443E-8BF8-CDBCD2142966}.Debug|Any CPU.ActiveCfg = Debug|Any CPU
		{31EE2264-5C6D-443E-8BF8-CDBCD2142966}.Debug|Any CPU.Build.0 = Debug|Any CPU
		{31EE2264-5C6D-443E-8BF8-CDBCD2142966}.Release|Any CPU.ActiveCfg = Release|Any CPU
		{31EE2264-5C6D-443E-8BF8-CDBCD2142966}.Release|Any CPU.Build.0 = Release|Any CPU
		{137E9470-A68B-4348-BBE9-E3790CB108E5}.Debug|Any CPU.ActiveCfg = Debug|Any CPU
		{137E9470-A68B-4348-BBE9-E3790CB108E5}.Debug|Any CPU.Build.0 = Debug|Any CPU
		{137E9470-A68B-4348-BBE9-E3790CB108E5}.Release|Any CPU.ActiveCfg = Release|Any CPU
		{137E9470-A68B-4348-BBE9-E3790CB108E5}.Release|Any CPU.Build.0 = Release|Any CPU
		{7F4CC9A7-AA6A-4C70-83EE-E1630D47AFDE}.Debug|Any CPU.ActiveCfg = Debug|Any CPU
		{7F4CC9A7-AA6A-4C70-83EE-E1630D47AFDE}.Debug|Any CPU.Build.0 = Debug|Any CPU
		{7F4CC9A7-AA6A-4C70-83EE-E1630D47AFDE}.Debug|Any CPU.Deploy.0 = Debug|Any CPU
		{7F4CC9A7-AA6A-4C70-83EE-E1630D47AFDE}.Release|Any CPU.ActiveCfg = Release|Any CPU
		{7F4CC9A7-AA6A-4C70-83EE-E1630D47AFDE}.Release|Any CPU.Build.0 = Release|Any CPU
		{7F4CC9A7-AA6A-4C70-83EE-E1630D47AFDE}.Release|Any CPU.Deploy.0 = Release|Any CPU
		{58E3448B-85A1-4735-A904-BC30914A57DA}.Debug|Any CPU.ActiveCfg = Debug|Any CPU
		{58E3448B-85A1-4735-A904-BC30914A57DA}.Debug|Any CPU.Build.0 = Debug|Any CPU
		{58E3448B-85A1-4735-A904-BC30914A57DA}.Release|Any CPU.ActiveCfg = Release|Any CPU
		{58E3448B-85A1-4735-A904-BC30914A57DA}.Release|Any CPU.Build.0 = Release|Any CPU
		{D94BE3AC-8E49-436B-9ECD-DA1C308D670E}.Debug|Any CPU.ActiveCfg = Debug|Any CPU
		{D94BE3AC-8E49-436B-9ECD-DA1C308D670E}.Debug|Any CPU.Build.0 = Debug|Any CPU
		{D94BE3AC-8E49-436B-9ECD-DA1C308D670E}.Release|Any CPU.ActiveCfg = Release|Any CPU
		{D94BE3AC-8E49-436B-9ECD-DA1C308D670E}.Release|Any CPU.Build.0 = Release|Any CPU
	EndGlobalSection
	GlobalSection(SolutionProperties) = preSolution
		HideSolutionNode = FALSE
	EndGlobalSection
	GlobalSection(ExtensibilityGlobals) = postSolution
		SolutionGuid = {BCCFD944-C323-4B55-A8DC-B72B4F8B1CDC}
	EndGlobalSection
EndGlobal
